
Microsoft Visual Studio Solution File, Format Version 12.00
# Visual Studio Version 17
VisualStudioVersion = 17.4.33103.184
MinimumVisualStudioVersion = 10.0.40219.1
Project("{FAE04EC0-301F-11D3-BF4B-00C04F79EFBC}") = "ejercicio3.1", "ejercicio3.1\ejercicio3.1.csproj", "{F435F695-5DF6-4CF8-8229-388EAF710026}"
EndProject
Global
	GlobalSection(SolutionConfigurationPlatforms) = preSolution
		Debug|Any CPU = Debug|Any CPU
		Release|Any CPU = Release|Any CPU
	EndGlobalSection
	GlobalSection(ProjectConfigurationPlatforms) = postSolution
		{F435F695-5DF6-4CF8-8229-388EAF710026}.Debug|Any CPU.ActiveCfg = Debug|Any CPU
		{F435F695-5DF6-4CF8-8229-388EAF710026}.Debug|Any CPU.Build.0 = Debug|Any CPU
		{F435F695-5DF6-4CF8-8229-388EAF710026}.Release|Any CPU.ActiveCfg = Release|Any CPU
		{F435F695-5DF6-4CF8-8229-388EAF710026}.Release|Any CPU.Build.0 = Release|Any CPU
	EndGlobalSection
	GlobalSection(SolutionProperties) = preSolution
		HideSolutionNode = FALSE
	EndGlobalSection
	GlobalSection(ExtensibilityGlobals) = postSolution
		SolutionGuid = {21756DA0-C2DD-4560-A2FC-F40C58630BAE}
	EndGlobalSection
EndGlobal
